
Microsoft Visual Studio Solution File, Format Version 12.00
Project("{2150E333-8FDC-42A3-9474-1A3956D46DE8}") = "Notifier", "Notifier", "{D17F9B2E-AA5C-45CF-9E25-710806446BFF}"
EndProject
Project("{2150E333-8FDC-42A3-9474-1A3956D46DE8}") = "Observer", "Observer", "{612F77C7-5B9E-4982-AEEF-32FAEC9F0362}"
EndProject
Project("{FAE04EC0-301F-11D3-BF4B-00C04F79EFBC}") = "Notifier.App", "Notifier.App\Notifier.App.csproj", "{54DFAA6A-9A24-48F5-879F-54187C803C63}"
EndProject
Project("{FAE04EC0-301F-11D3-BF4B-00C04F79EFBC}") = "Notifier.Common", "Notifier.Common\Notifier.Common.csproj", "{EA267238-16C8-4293-A2F6-A207DBBE137C}"
EndProject
Project("{FAE04EC0-301F-11D3-BF4B-00C04F79EFBC}") = "Observer.App", "Observer.App\Observer.App.csproj", "{F424DE32-14AF-458C-9144-8926B53C7DC8}"
EndProject
Project("{FAE04EC0-301F-11D3-BF4B-00C04F79EFBC}") = "Observer.Common", "Observer.Common\Observer.Common.csproj", "{5C2F712D-5EBD-4E42-AB73-6D18EC352D70}"
EndProject
Project("{FAE04EC0-301F-11D3-BF4B-00C04F79EFBC}") = "Observer.EntityFramework", "Observer.EntityFramework\Observer.EntityFramework.csproj", "{94CCFA42-FB4A-4AF8-8D63-272D04E80412}"
EndProject
Project("{2150E333-8FDC-42A3-9474-1A3956D46DE8}") = "Tests", "Tests", "{8037E497-A898-48DB-AF3B-967E4CBC8323}"
EndProject
Project("{FAE04EC0-301F-11D3-BF4B-00C04F79EFBC}") = "Observer.Common.Tests", "Observer.Common.Tests\Observer.Common.Tests.csproj", "{0E2391F0-B5B7-4780-817E-AF5798EF2A7F}"
EndProject
Project("{FAE04EC0-301F-11D3-BF4B-00C04F79EFBC}") = "Notifier.Common.Tests", "Notifier.Common.Tests\Notifier.Common.Tests.csproj", "{59DFB2A6-5B27-4A4B-AD08-1EFB1F32C2A7}"
EndProject
Project("{FAE04EC0-301F-11D3-BF4B-00C04F79EFBC}") = "Tests.Common", "Tests.Common\Tests.Common.csproj", "{F424F85F-1C72-4E9E-BC00-B68E000C1213}"
EndProject
Project("{2150E333-8FDC-42A3-9474-1A3956D46DE8}") = "Web", "Web", "{073D9E0F-F525-4146-9CF1-AF80078B5DF3}"
EndProject
Project("{FAE04EC0-301F-11D3-BF4B-00C04F79EFBC}") = "Web.Site", "Web.Site\Web.Site.csproj", "{5EDF720B-133B-4612-9A63-1D3ADA73F7DC}"
EndProject
Project("{2150E333-8FDC-42A3-9474-1A3956D46DE8}") = "SubscriptionService", "SubscriptionService", "{D619BE2B-8096-463B-ADA1-D71DC0BF43AD}"
EndProject
Project("{FAE04EC0-301F-11D3-BF4B-00C04F79EFBC}") = "SubscriptionApi", "SubscriptionApi\SubscriptionApi.csproj", "{95032926-41BA-4CE8-B561-4F862397B685}"
EndProject
Project("{2150E333-8FDC-42A3-9474-1A3956D46DE8}") = "Infrastructure", "Infrastructure", "{B3DA0081-DF59-4A2F-A186-8C6B9FEDD491}"
EndProject
Project("{2150E333-8FDC-42A3-9474-1A3956D46DE8}") = "Communication", "Communication", "{B4F82D8D-83C8-4AA4-ACD4-2254B05AABB6}"
EndProject
Project("{FAE04EC0-301F-11D3-BF4B-00C04F79EFBC}") = "Brokers.Common", "Brokers.Common\Brokers.Common.csproj", "{58E68034-7597-43BE-8E6B-FB3EBAE703F2}"
EndProject
Project("{FAE04EC0-301F-11D3-BF4B-00C04F79EFBC}") = "Brokers.RabbitMq", "Brokers.RabbitMq\Brokers.RabbitMq.csproj", "{CA890472-DBBD-4F5F-BE44-744705ED334E}"
EndProject
Project("{FAE04EC0-301F-11D3-BF4B-00C04F79EFBC}") = "Brokers.RabbitMq.Tests", "Brokers.RabbitMq.Tests\Brokers.RabbitMq.Tests.csproj", "{259440DB-0D32-4427-BBF1-425572735801}"
EndProject
Project("{FAE04EC0-301F-11D3-BF4B-00C04F79EFBC}") = "Subscription.Core", "Subscription.Core\Subscription.Core.csproj", "{34827BFB-D66F-4C84-BA8E-F515F4BCE47E}"
EndProject
Project("{FAE04EC0-301F-11D3-BF4B-00C04F79EFBC}") = "Subscription.EntityFrameworkCore", "Subscription.EntityFrameworkCore\Subscription.EntityFrameworkCore.csproj", "{10821C88-114E-4FA9-B92F-FE559CDE8D03}"
EndProject
Project("{FAE04EC0-301F-11D3-BF4B-00C04F79EFBC}") = "Subscription.Implementations", "Subscription.Implementations\Subscription.Implementations.csproj", "{B1A9C659-6778-49B9-8126-2A1453EBF88A}"
EndProject
Project("{FAE04EC0-301F-11D3-BF4B-00C04F79EFBC}") = "Subscription.Model", "Subscription.Model\Subscription.Model.csproj", "{0097156C-155F-4D2C-9D92-C69DA160E710}"
EndProject
Project("{FAE04EC0-301F-11D3-BF4B-00C04F79EFBC}") = "Subscription.Core.Tests", "Subscription.Core.Tests\Subscription.Core.Tests.csproj", "{F68F9A0A-FA7A-45BF-A672-FF30AA190079}"
EndProject
Project("{FAE04EC0-301F-11D3-BF4B-00C04F79EFBC}") = "Subscription.Implementations.Tests", "Subscription.Implementations.Tests\Subscription.Implementations.Tests.csproj", "{99AA577B-FFD0-4B76-8862-2FCE95043086}"
EndProject
Project("{2150E333-8FDC-42A3-9474-1A3956D46DE8}") = "NativeApps", "NativeApps", "{7999DA00-BAC0-4218-BCF8-834848E3F04C}"
EndProject
Project("{2150E333-8FDC-42A3-9474-1A3956D46DE8}") = "CrucialApp", "CrucialApp", "{BB10557A-92BD-4DE9-979A-54557ED97893}"
EndProject
Project("{FAE04EC0-301F-11D3-BF4B-00C04F79EFBC}") = "Crucial.App", "Crucial.App\Crucial.App.csproj", "{EBCB5F9B-7B24-4E16-96B0-42D79BCA8CAA}"
EndProject
Global
	GlobalSection(SolutionConfigurationPlatforms) = preSolution
		Debug|Any CPU = Debug|Any CPU
		Release|Any CPU = Release|Any CPU
	EndGlobalSection
	GlobalSection(ProjectConfigurationPlatforms) = postSolution
		{54DFAA6A-9A24-48F5-879F-54187C803C63}.Debug|Any CPU.ActiveCfg = Debug|Any CPU
		{54DFAA6A-9A24-48F5-879F-54187C803C63}.Debug|Any CPU.Build.0 = Debug|Any CPU
		{54DFAA6A-9A24-48F5-879F-54187C803C63}.Release|Any CPU.ActiveCfg = Release|Any CPU
		{54DFAA6A-9A24-48F5-879F-54187C803C63}.Release|Any CPU.Build.0 = Release|Any CPU
		{EA267238-16C8-4293-A2F6-A207DBBE137C}.Debug|Any CPU.ActiveCfg = Debug|Any CPU
		{EA267238-16C8-4293-A2F6-A207DBBE137C}.Debug|Any CPU.Build.0 = Debug|Any CPU
		{EA267238-16C8-4293-A2F6-A207DBBE137C}.Release|Any CPU.ActiveCfg = Release|Any CPU
		{EA267238-16C8-4293-A2F6-A207DBBE137C}.Release|Any CPU.Build.0 = Release|Any CPU
		{F424DE32-14AF-458C-9144-8926B53C7DC8}.Debug|Any CPU.ActiveCfg = Debug|Any CPU
		{F424DE32-14AF-458C-9144-8926B53C7DC8}.Debug|Any CPU.Build.0 = Debug|Any CPU
		{F424DE32-14AF-458C-9144-8926B53C7DC8}.Release|Any CPU.ActiveCfg = Release|Any CPU
		{F424DE32-14AF-458C-9144-8926B53C7DC8}.Release|Any CPU.Build.0 = Release|Any CPU
		{5C2F712D-5EBD-4E42-AB73-6D18EC352D70}.Debug|Any CPU.ActiveCfg = Debug|Any CPU
		{5C2F712D-5EBD-4E42-AB73-6D18EC352D70}.Debug|Any CPU.Build.0 = Debug|Any CPU
		{5C2F712D-5EBD-4E42-AB73-6D18EC352D70}.Release|Any CPU.ActiveCfg = Release|Any CPU
		{5C2F712D-5EBD-4E42-AB73-6D18EC352D70}.Release|Any CPU.Build.0 = Release|Any CPU
		{94CCFA42-FB4A-4AF8-8D63-272D04E80412}.Debug|Any CPU.ActiveCfg = Debug|Any CPU
		{94CCFA42-FB4A-4AF8-8D63-272D04E80412}.Debug|Any CPU.Build.0 = Debug|Any CPU
		{94CCFA42-FB4A-4AF8-8D63-272D04E80412}.Release|Any CPU.ActiveCfg = Release|Any CPU
		{94CCFA42-FB4A-4AF8-8D63-272D04E80412}.Release|Any CPU.Build.0 = Release|Any CPU
		{0E2391F0-B5B7-4780-817E-AF5798EF2A7F}.Debug|Any CPU.ActiveCfg = Debug|Any CPU
		{0E2391F0-B5B7-4780-817E-AF5798EF2A7F}.Debug|Any CPU.Build.0 = Debug|Any CPU
		{0E2391F0-B5B7-4780-817E-AF5798EF2A7F}.Release|Any CPU.ActiveCfg = Release|Any CPU
		{0E2391F0-B5B7-4780-817E-AF5798EF2A7F}.Release|Any CPU.Build.0 = Release|Any CPU
		{59DFB2A6-5B27-4A4B-AD08-1EFB1F32C2A7}.Debug|Any CPU.ActiveCfg = Debug|Any CPU
		{59DFB2A6-5B27-4A4B-AD08-1EFB1F32C2A7}.Debug|Any CPU.Build.0 = Debug|Any CPU
		{59DFB2A6-5B27-4A4B-AD08-1EFB1F32C2A7}.Release|Any CPU.ActiveCfg = Release|Any CPU
		{59DFB2A6-5B27-4A4B-AD08-1EFB1F32C2A7}.Release|Any CPU.Build.0 = Release|Any CPU
		{F424F85F-1C72-4E9E-BC00-B68E000C1213}.Debug|Any CPU.ActiveCfg = Debug|Any CPU
		{F424F85F-1C72-4E9E-BC00-B68E000C1213}.Debug|Any CPU.Build.0 = Debug|Any CPU
		{F424F85F-1C72-4E9E-BC00-B68E000C1213}.Release|Any CPU.ActiveCfg = Release|Any CPU
		{F424F85F-1C72-4E9E-BC00-B68E000C1213}.Release|Any CPU.Build.0 = Release|Any CPU
		{5EDF720B-133B-4612-9A63-1D3ADA73F7DC}.Debug|Any CPU.ActiveCfg = Debug|Any CPU
		{5EDF720B-133B-4612-9A63-1D3ADA73F7DC}.Debug|Any CPU.Build.0 = Debug|Any CPU
		{5EDF720B-133B-4612-9A63-1D3ADA73F7DC}.Release|Any CPU.ActiveCfg = Release|Any CPU
		{5EDF720B-133B-4612-9A63-1D3ADA73F7DC}.Release|Any CPU.Build.0 = Release|Any CPU
		{95032926-41BA-4CE8-B561-4F862397B685}.Debug|Any CPU.ActiveCfg = Debug|Any CPU
		{95032926-41BA-4CE8-B561-4F862397B685}.Debug|Any CPU.Build.0 = Debug|Any CPU
		{95032926-41BA-4CE8-B561-4F862397B685}.Release|Any CPU.ActiveCfg = Release|Any CPU
		{95032926-41BA-4CE8-B561-4F862397B685}.Release|Any CPU.Build.0 = Release|Any CPU
		{58E68034-7597-43BE-8E6B-FB3EBAE703F2}.Debug|Any CPU.ActiveCfg = Debug|Any CPU
		{58E68034-7597-43BE-8E6B-FB3EBAE703F2}.Debug|Any CPU.Build.0 = Debug|Any CPU
		{58E68034-7597-43BE-8E6B-FB3EBAE703F2}.Release|Any CPU.ActiveCfg = Release|Any CPU
		{58E68034-7597-43BE-8E6B-FB3EBAE703F2}.Release|Any CPU.Build.0 = Release|Any CPU
		{CA890472-DBBD-4F5F-BE44-744705ED334E}.Debug|Any CPU.ActiveCfg = Debug|Any CPU
		{CA890472-DBBD-4F5F-BE44-744705ED334E}.Debug|Any CPU.Build.0 = Debug|Any CPU
		{CA890472-DBBD-4F5F-BE44-744705ED334E}.Release|Any CPU.ActiveCfg = Release|Any CPU
		{CA890472-DBBD-4F5F-BE44-744705ED334E}.Release|Any CPU.Build.0 = Release|Any CPU
		{259440DB-0D32-4427-BBF1-425572735801}.Debug|Any CPU.ActiveCfg = Debug|Any CPU
		{259440DB-0D32-4427-BBF1-425572735801}.Debug|Any CPU.Build.0 = Debug|Any CPU
		{259440DB-0D32-4427-BBF1-425572735801}.Release|Any CPU.ActiveCfg = Release|Any CPU
		{259440DB-0D32-4427-BBF1-425572735801}.Release|Any CPU.Build.0 = Release|Any CPU
		{34827BFB-D66F-4C84-BA8E-F515F4BCE47E}.Debug|Any CPU.ActiveCfg = Debug|Any CPU
		{34827BFB-D66F-4C84-BA8E-F515F4BCE47E}.Debug|Any CPU.Build.0 = Debug|Any CPU
		{34827BFB-D66F-4C84-BA8E-F515F4BCE47E}.Release|Any CPU.ActiveCfg = Release|Any CPU
		{34827BFB-D66F-4C84-BA8E-F515F4BCE47E}.Release|Any CPU.Build.0 = Release|Any CPU
		{10821C88-114E-4FA9-B92F-FE559CDE8D03}.Debug|Any CPU.ActiveCfg = Debug|Any CPU
		{10821C88-114E-4FA9-B92F-FE559CDE8D03}.Debug|Any CPU.Build.0 = Debug|Any CPU
		{10821C88-114E-4FA9-B92F-FE559CDE8D03}.Release|Any CPU.ActiveCfg = Release|Any CPU
		{10821C88-114E-4FA9-B92F-FE559CDE8D03}.Release|Any CPU.Build.0 = Release|Any CPU
		{B1A9C659-6778-49B9-8126-2A1453EBF88A}.Debug|Any CPU.ActiveCfg = Debug|Any CPU
		{B1A9C659-6778-49B9-8126-2A1453EBF88A}.Debug|Any CPU.Build.0 = Debug|Any CPU
		{B1A9C659-6778-49B9-8126-2A1453EBF88A}.Release|Any CPU.ActiveCfg = Release|Any CPU
		{B1A9C659-6778-49B9-8126-2A1453EBF88A}.Release|Any CPU.Build.0 = Release|Any CPU
		{0097156C-155F-4D2C-9D92-C69DA160E710}.Debug|Any CPU.ActiveCfg = Debug|Any CPU
		{0097156C-155F-4D2C-9D92-C69DA160E710}.Debug|Any CPU.Build.0 = Debug|Any CPU
		{0097156C-155F-4D2C-9D92-C69DA160E710}.Release|Any CPU.ActiveCfg = Release|Any CPU
		{0097156C-155F-4D2C-9D92-C69DA160E710}.Release|Any CPU.Build.0 = Release|Any CPU
		{F68F9A0A-FA7A-45BF-A672-FF30AA190079}.Debug|Any CPU.ActiveCfg = Debug|Any CPU
		{F68F9A0A-FA7A-45BF-A672-FF30AA190079}.Debug|Any CPU.Build.0 = Debug|Any CPU
		{F68F9A0A-FA7A-45BF-A672-FF30AA190079}.Release|Any CPU.ActiveCfg = Release|Any CPU
		{F68F9A0A-FA7A-45BF-A672-FF30AA190079}.Release|Any CPU.Build.0 = Release|Any CPU
		{99AA577B-FFD0-4B76-8862-2FCE95043086}.Debug|Any CPU.ActiveCfg = Debug|Any CPU
		{99AA577B-FFD0-4B76-8862-2FCE95043086}.Debug|Any CPU.Build.0 = Debug|Any CPU
		{99AA577B-FFD0-4B76-8862-2FCE95043086}.Release|Any CPU.ActiveCfg = Release|Any CPU
		{99AA577B-FFD0-4B76-8862-2FCE95043086}.Release|Any CPU.Build.0 = Release|Any CPU
		{EBCB5F9B-7B24-4E16-96B0-42D79BCA8CAA}.Debug|Any CPU.ActiveCfg = Debug|Any CPU
		{EBCB5F9B-7B24-4E16-96B0-42D79BCA8CAA}.Debug|Any CPU.Build.0 = Debug|Any CPU
		{EBCB5F9B-7B24-4E16-96B0-42D79BCA8CAA}.Release|Any CPU.ActiveCfg = Release|Any CPU
		{EBCB5F9B-7B24-4E16-96B0-42D79BCA8CAA}.Release|Any CPU.Build.0 = Release|Any CPU
	EndGlobalSection
	GlobalSection(NestedProjects) = preSolution
		{54DFAA6A-9A24-48F5-879F-54187C803C63} = {D17F9B2E-AA5C-45CF-9E25-710806446BFF}
		{EA267238-16C8-4293-A2F6-A207DBBE137C} = {D17F9B2E-AA5C-45CF-9E25-710806446BFF}
		{F424DE32-14AF-458C-9144-8926B53C7DC8} = {612F77C7-5B9E-4982-AEEF-32FAEC9F0362}
		{5C2F712D-5EBD-4E42-AB73-6D18EC352D70} = {612F77C7-5B9E-4982-AEEF-32FAEC9F0362}
		{94CCFA42-FB4A-4AF8-8D63-272D04E80412} = {612F77C7-5B9E-4982-AEEF-32FAEC9F0362}
		{0E2391F0-B5B7-4780-817E-AF5798EF2A7F} = {8037E497-A898-48DB-AF3B-967E4CBC8323}
		{59DFB2A6-5B27-4A4B-AD08-1EFB1F32C2A7} = {8037E497-A898-48DB-AF3B-967E4CBC8323}
		{F424F85F-1C72-4E9E-BC00-B68E000C1213} = {8037E497-A898-48DB-AF3B-967E4CBC8323}
		{5EDF720B-133B-4612-9A63-1D3ADA73F7DC} = {073D9E0F-F525-4146-9CF1-AF80078B5DF3}
		{95032926-41BA-4CE8-B561-4F862397B685} = {D619BE2B-8096-463B-ADA1-D71DC0BF43AD}
		{B4F82D8D-83C8-4AA4-ACD4-2254B05AABB6} = {B3DA0081-DF59-4A2F-A186-8C6B9FEDD491}
		{58E68034-7597-43BE-8E6B-FB3EBAE703F2} = {B4F82D8D-83C8-4AA4-ACD4-2254B05AABB6}
		{CA890472-DBBD-4F5F-BE44-744705ED334E} = {B4F82D8D-83C8-4AA4-ACD4-2254B05AABB6}
		{259440DB-0D32-4427-BBF1-425572735801} = {8037E497-A898-48DB-AF3B-967E4CBC8323}
		{34827BFB-D66F-4C84-BA8E-F515F4BCE47E} = {D619BE2B-8096-463B-ADA1-D71DC0BF43AD}
		{10821C88-114E-4FA9-B92F-FE559CDE8D03} = {D619BE2B-8096-463B-ADA1-D71DC0BF43AD}
		{B1A9C659-6778-49B9-8126-2A1453EBF88A} = {D619BE2B-8096-463B-ADA1-D71DC0BF43AD}
		{0097156C-155F-4D2C-9D92-C69DA160E710} = {D619BE2B-8096-463B-ADA1-D71DC0BF43AD}
		{F68F9A0A-FA7A-45BF-A672-FF30AA190079} = {8037E497-A898-48DB-AF3B-967E4CBC8323}
		{99AA577B-FFD0-4B76-8862-2FCE95043086} = {8037E497-A898-48DB-AF3B-967E4CBC8323}
		{BB10557A-92BD-4DE9-979A-54557ED97893} = {7999DA00-BAC0-4218-BCF8-834848E3F04C}
		{EBCB5F9B-7B24-4E16-96B0-42D79BCA8CAA} = {BB10557A-92BD-4DE9-979A-54557ED97893}
	EndGlobalSection
EndGlobal
