
Microsoft Visual Studio Solution File, Format Version 12.00
Project("{2150E333-8FDC-42A3-9474-1A3956D46DE8}") = "Notifier", "Notifier", "{D17F9B2E-AA5C-45CF-9E25-710806446BFF}"
EndProject
Project("{2150E333-8FDC-42A3-9474-1A3956D46DE8}") = "Observer", "Observer", "{612F77C7-5B9E-4982-AEEF-32FAEC9F0362}"
EndProject
Project("{FAE04EC0-301F-11D3-BF4B-00C04F79EFBC}") = "Notifier.App", "Notifier.App\Notifier.App.csproj", "{54DFAA6A-9A24-48F5-879F-54187C803C63}"
EndProject
Project("{FAE04EC0-301F-11D3-BF4B-00C04F79EFBC}") = "Notifier.Common", "Notifier.Common\Notifier.Common.csproj", "{EA267238-16C8-4293-A2F6-A207DBBE137C}"
EndProject
Project("{FAE04EC0-301F-11D3-BF4B-00C04F79EFBC}") = "Observer.App", "Observer.App\Observer.App.csproj", "{F424DE32-14AF-458C-9144-8926B53C7DC8}"
EndProject
Project("{FAE04EC0-301F-11D3-BF4B-00C04F79EFBC}") = "Observer.Common", "Observer.Common\Observer.Common.csproj", "{5C2F712D-5EBD-4E42-AB73-6D18EC352D70}"
EndProject
Project("{FAE04EC0-301F-11D3-BF4B-00C04F79EFBC}") = "Observer.EntityFramework", "Observer.EntityFramework\Observer.EntityFramework.csproj", "{94CCFA42-FB4A-4AF8-8D63-272D04E80412}"
EndProject
Project("{2150E333-8FDC-42A3-9474-1A3956D46DE8}") = "Tests", "Tests", "{8037E497-A898-48DB-AF3B-967E4CBC8323}"
EndProject
Project("{FAE04EC0-301F-11D3-BF4B-00C04F79EFBC}") = "Observer.Common.Tests", "Observer.Common.Tests\Observer.Common.Tests.csproj", "{0E2391F0-B5B7-4780-817E-AF5798EF2A7F}"
EndProject
Project("{FAE04EC0-301F-11D3-BF4B-00C04F79EFBC}") = "Notifier.Common.Tests", "Notifier.Common.Tests\Notifier.Common.Tests.csproj", "{59DFB2A6-5B27-4A4B-AD08-1EFB1F32C2A7}"
EndProject
Project("{FAE04EC0-301F-11D3-BF4B-00C04F79EFBC}") = "Tests.Common", "Tests.Common\Tests.Common.csproj", "{F424F85F-1C72-4E9E-BC00-B68E000C1213}"
EndProject
Global
	GlobalSection(SolutionConfigurationPlatforms) = preSolution
		Debug|Any CPU = Debug|Any CPU
		Release|Any CPU = Release|Any CPU
	EndGlobalSection
	GlobalSection(ProjectConfigurationPlatforms) = postSolution
		{54DFAA6A-9A24-48F5-879F-54187C803C63}.Debug|Any CPU.ActiveCfg = Debug|Any CPU
		{54DFAA6A-9A24-48F5-879F-54187C803C63}.Debug|Any CPU.Build.0 = Debug|Any CPU
		{54DFAA6A-9A24-48F5-879F-54187C803C63}.Release|Any CPU.ActiveCfg = Release|Any CPU
		{54DFAA6A-9A24-48F5-879F-54187C803C63}.Release|Any CPU.Build.0 = Release|Any CPU
		{EA267238-16C8-4293-A2F6-A207DBBE137C}.Debug|Any CPU.ActiveCfg = Debug|Any CPU
		{EA267238-16C8-4293-A2F6-A207DBBE137C}.Debug|Any CPU.Build.0 = Debug|Any CPU
		{EA267238-16C8-4293-A2F6-A207DBBE137C}.Release|Any CPU.ActiveCfg = Release|Any CPU
		{EA267238-16C8-4293-A2F6-A207DBBE137C}.Release|Any CPU.Build.0 = Release|Any CPU
		{F424DE32-14AF-458C-9144-8926B53C7DC8}.Debug|Any CPU.ActiveCfg = Debug|Any CPU
		{F424DE32-14AF-458C-9144-8926B53C7DC8}.Debug|Any CPU.Build.0 = Debug|Any CPU
		{F424DE32-14AF-458C-9144-8926B53C7DC8}.Release|Any CPU.ActiveCfg = Release|Any CPU
		{F424DE32-14AF-458C-9144-8926B53C7DC8}.Release|Any CPU.Build.0 = Release|Any CPU
		{5C2F712D-5EBD-4E42-AB73-6D18EC352D70}.Debug|Any CPU.ActiveCfg = Debug|Any CPU
		{5C2F712D-5EBD-4E42-AB73-6D18EC352D70}.Debug|Any CPU.Build.0 = Debug|Any CPU
		{5C2F712D-5EBD-4E42-AB73-6D18EC352D70}.Release|Any CPU.ActiveCfg = Release|Any CPU
		{5C2F712D-5EBD-4E42-AB73-6D18EC352D70}.Release|Any CPU.Build.0 = Release|Any CPU
		{94CCFA42-FB4A-4AF8-8D63-272D04E80412}.Debug|Any CPU.ActiveCfg = Debug|Any CPU
		{94CCFA42-FB4A-4AF8-8D63-272D04E80412}.Debug|Any CPU.Build.0 = Debug|Any CPU
		{94CCFA42-FB4A-4AF8-8D63-272D04E80412}.Release|Any CPU.ActiveCfg = Release|Any CPU
		{94CCFA42-FB4A-4AF8-8D63-272D04E80412}.Release|Any CPU.Build.0 = Release|Any CPU
		{0E2391F0-B5B7-4780-817E-AF5798EF2A7F}.Debug|Any CPU.ActiveCfg = Debug|Any CPU
		{0E2391F0-B5B7-4780-817E-AF5798EF2A7F}.Debug|Any CPU.Build.0 = Debug|Any CPU
		{0E2391F0-B5B7-4780-817E-AF5798EF2A7F}.Release|Any CPU.ActiveCfg = Release|Any CPU
		{0E2391F0-B5B7-4780-817E-AF5798EF2A7F}.Release|Any CPU.Build.0 = Release|Any CPU
		{59DFB2A6-5B27-4A4B-AD08-1EFB1F32C2A7}.Debug|Any CPU.ActiveCfg = Debug|Any CPU
		{59DFB2A6-5B27-4A4B-AD08-1EFB1F32C2A7}.Debug|Any CPU.Build.0 = Debug|Any CPU
		{59DFB2A6-5B27-4A4B-AD08-1EFB1F32C2A7}.Release|Any CPU.ActiveCfg = Release|Any CPU
		{59DFB2A6-5B27-4A4B-AD08-1EFB1F32C2A7}.Release|Any CPU.Build.0 = Release|Any CPU
		{F424F85F-1C72-4E9E-BC00-B68E000C1213}.Debug|Any CPU.ActiveCfg = Debug|Any CPU
		{F424F85F-1C72-4E9E-BC00-B68E000C1213}.Debug|Any CPU.Build.0 = Debug|Any CPU
		{F424F85F-1C72-4E9E-BC00-B68E000C1213}.Release|Any CPU.ActiveCfg = Release|Any CPU
		{F424F85F-1C72-4E9E-BC00-B68E000C1213}.Release|Any CPU.Build.0 = Release|Any CPU
	EndGlobalSection
	GlobalSection(NestedProjects) = preSolution
		{54DFAA6A-9A24-48F5-879F-54187C803C63} = {D17F9B2E-AA5C-45CF-9E25-710806446BFF}
		{EA267238-16C8-4293-A2F6-A207DBBE137C} = {D17F9B2E-AA5C-45CF-9E25-710806446BFF}
		{F424DE32-14AF-458C-9144-8926B53C7DC8} = {612F77C7-5B9E-4982-AEEF-32FAEC9F0362}
		{5C2F712D-5EBD-4E42-AB73-6D18EC352D70} = {612F77C7-5B9E-4982-AEEF-32FAEC9F0362}
		{94CCFA42-FB4A-4AF8-8D63-272D04E80412} = {612F77C7-5B9E-4982-AEEF-32FAEC9F0362}
		{0E2391F0-B5B7-4780-817E-AF5798EF2A7F} = {8037E497-A898-48DB-AF3B-967E4CBC8323}
		{59DFB2A6-5B27-4A4B-AD08-1EFB1F32C2A7} = {8037E497-A898-48DB-AF3B-967E4CBC8323}
		{F424F85F-1C72-4E9E-BC00-B68E000C1213} = {8037E497-A898-48DB-AF3B-967E4CBC8323}
	EndGlobalSection
EndGlobal
