
Microsoft Visual Studio Solution File, Format Version 12.00
# Visual Studio Version 17
VisualStudioVersion = 17.11.35327.3
MinimumVisualStudioVersion = 10.0.40219.1
Project("{2150E333-8FDC-42A3-9474-1A3956D46DE8}") = "Notifier", "Notifier", "{D17F9B2E-AA5C-45CF-9E25-710806446BFF}"
EndProject
Project("{2150E333-8FDC-42A3-9474-1A3956D46DE8}") = "Observer", "Observer", "{612F77C7-5B9E-4982-AEEF-32FAEC9F0362}"
EndProject
Project("{9A19103F-16F7-4668-BE54-9A1E7A4F7556}") = "Notifier.App", "Notifier.App\Notifier.App.csproj", "{54DFAA6A-9A24-48F5-879F-54187C803C63}"
EndProject
Project("{9A19103F-16F7-4668-BE54-9A1E7A4F7556}") = "Notifier.Common", "Notifier.Common\Notifier.Common.csproj", "{EA267238-16C8-4293-A2F6-A207DBBE137C}"
EndProject
Project("{9A19103F-16F7-4668-BE54-9A1E7A4F7556}") = "Observer.App", "Observer.App\Observer.App.csproj", "{F424DE32-14AF-458C-9144-8926B53C7DC8}"
EndProject
Project("{9A19103F-16F7-4668-BE54-9A1E7A4F7556}") = "Observer.Common", "Observer.Common\Observer.Common.csproj", "{5C2F712D-5EBD-4E42-AB73-6D18EC352D70}"
EndProject
Project("{9A19103F-16F7-4668-BE54-9A1E7A4F7556}") = "Observer.EntityFramework", "Observer.EntityFramework\Observer.EntityFramework.csproj", "{94CCFA42-FB4A-4AF8-8D63-272D04E80412}"
EndProject
Project("{2150E333-8FDC-42A3-9474-1A3956D46DE8}") = "Tests", "Tests", "{8037E497-A898-48DB-AF3B-967E4CBC8323}"
EndProject
Project("{9A19103F-16F7-4668-BE54-9A1E7A4F7556}") = "Observer.Common.Tests", "Observer.Common.Tests\Observer.Common.Tests.csproj", "{0E2391F0-B5B7-4780-817E-AF5798EF2A7F}"
EndProject
Project("{9A19103F-16F7-4668-BE54-9A1E7A4F7556}") = "Notifier.Common.Tests", "Notifier.Common.Tests\Notifier.Common.Tests.csproj", "{59DFB2A6-5B27-4A4B-AD08-1EFB1F32C2A7}"
EndProject
Project("{9A19103F-16F7-4668-BE54-9A1E7A4F7556}") = "Tests.Common", "Tests.Common\Tests.Common.csproj", "{F424F85F-1C72-4E9E-BC00-B68E000C1213}"
EndProject
Project("{2150E333-8FDC-42A3-9474-1A3956D46DE8}") = "Web", "Web", "{073D9E0F-F525-4146-9CF1-AF80078B5DF3}"
EndProject
Project("{9A19103F-16F7-4668-BE54-9A1E7A4F7556}") = "Web.Site", "Web.Site\Web.Site.csproj", "{5EDF720B-133B-4612-9A63-1D3ADA73F7DC}"
EndProject
Project("{2150E333-8FDC-42A3-9474-1A3956D46DE8}") = "SubscriptionService", "SubscriptionService", "{D619BE2B-8096-463B-ADA1-D71DC0BF43AD}"
EndProject
Project("{9A19103F-16F7-4668-BE54-9A1E7A4F7556}") = "SubscriptionApi", "SubscriptionApi\SubscriptionApi.csproj", "{95032926-41BA-4CE8-B561-4F862397B685}"
EndProject
Project("{2150E333-8FDC-42A3-9474-1A3956D46DE8}") = "Infrastructure", "Infrastructure", "{B3DA0081-DF59-4A2F-A186-8C6B9FEDD491}"
EndProject
Project("{2150E333-8FDC-42A3-9474-1A3956D46DE8}") = "Communication", "Communication", "{B4F82D8D-83C8-4AA4-ACD4-2254B05AABB6}"
EndProject
Project("{9A19103F-16F7-4668-BE54-9A1E7A4F7556}") = "Brokers.Common", "Brokers.Common\Brokers.Common.csproj", "{58E68034-7597-43BE-8E6B-FB3EBAE703F2}"
EndProject
Project("{9A19103F-16F7-4668-BE54-9A1E7A4F7556}") = "Brokers.RabbitMq", "Brokers.RabbitMq\Brokers.RabbitMq.csproj", "{CA890472-DBBD-4F5F-BE44-744705ED334E}"
EndProject
Project("{9A19103F-16F7-4668-BE54-9A1E7A4F7556}") = "Brokers.RabbitMq.Tests", "Brokers.RabbitMq.Tests\Brokers.RabbitMq.Tests.csproj", "{259440DB-0D32-4427-BBF1-425572735801}"
EndProject
Project("{9A19103F-16F7-4668-BE54-9A1E7A4F7556}") = "Subscription.Core", "Subscription.Core\Subscription.Core.csproj", "{34827BFB-D66F-4C84-BA8E-F515F4BCE47E}"
EndProject
Project("{9A19103F-16F7-4668-BE54-9A1E7A4F7556}") = "Subscription.EntityFrameworkCore", "Subscription.EntityFrameworkCore\Subscription.EntityFrameworkCore.csproj", "{10821C88-114E-4FA9-B92F-FE559CDE8D03}"
EndProject
Project("{9A19103F-16F7-4668-BE54-9A1E7A4F7556}") = "Subscription.Implementations", "Subscription.Implementations\Subscription.Implementations.csproj", "{B1A9C659-6778-49B9-8126-2A1453EBF88A}"
EndProject
Project("{9A19103F-16F7-4668-BE54-9A1E7A4F7556}") = "Subscription.Model", "Subscription.Model\Subscription.Model.csproj", "{0097156C-155F-4D2C-9D92-C69DA160E710}"
EndProject
Project("{9A19103F-16F7-4668-BE54-9A1E7A4F7556}") = "Subscription.Core.Tests", "Subscription.Core.Tests\Subscription.Core.Tests.csproj", "{F68F9A0A-FA7A-45BF-A672-FF30AA190079}"
EndProject
Project("{9A19103F-16F7-4668-BE54-9A1E7A4F7556}") = "Subscription.Implementations.Tests", "Subscription.Implementations.Tests\Subscription.Implementations.Tests.csproj", "{99AA577B-FFD0-4B76-8862-2FCE95043086}"
EndProject
Project("{2150E333-8FDC-42A3-9474-1A3956D46DE8}") = "NativeApps", "NativeApps", "{7999DA00-BAC0-4218-BCF8-834848E3F04C}"
EndProject
Project("{FAE04EC0-301F-11D3-BF4B-00C04F79EFBC}") = "Crucial.App", "Crucial.App\Crucial.App\Crucial.App.csproj", "{7F5D6CA1-A510-4C19-9343-75FCEC94EAB3}"
EndProject
Project("{FAE04EC0-301F-11D3-BF4B-00C04F79EFBC}") = "Crucial.App.Android", "Crucial.App\Crucial.App.Android\Crucial.App.Android.csproj", "{C21629ED-CC2F-47C5-8660-033E76DFE564}"
EndProject
Project("{FAE04EC0-301F-11D3-BF4B-00C04F79EFBC}") = "Crucial.App.Desktop", "Crucial.App\Crucial.App.Desktop\Crucial.App.Desktop.csproj", "{D5A916DA-4BF6-484B-BC7A-CCD287AA8493}"
EndProject
Project("{FAE04EC0-301F-11D3-BF4B-00C04F79EFBC}") = "Crucial.App.Browser", "Crucial.App\Crucial.App.Browser\Crucial.App.Browser.csproj", "{FA26C27A-4DC3-41E7-B477-C6A1808E67C2}"
EndProject
Project("{2150E333-8FDC-42A3-9474-1A3956D46DE8}") = "CrucialApp", "CrucialApp", "{7ED86B61-E4CE-43A2-B279-3E6932A15E83}"
EndProject
Project("{FAE04EC0-301F-11D3-BF4B-00C04F79EFBC}") = "Crucial.Core", "Crucial.Core\Crucial.Core.csproj", "{AB6F8196-4807-4568-9C17-1D976BD4AA8B}"
EndProject
Project("{FAE04EC0-301F-11D3-BF4B-00C04F79EFBC}") = "Crucial.Core.Tests", "Crucial.Core.Tests\Crucial.Core.Tests.csproj", "{4F5E999C-2673-4BC8-8808-D7B71FAE4655}"
EndProject
Project("{FAE04EC0-301F-11D3-BF4B-00C04F79EFBC}") = "Crucial.EntityFrameworkCore", "Crucial.EntityFrameworkCore\Crucial.EntityFrameworkCore.csproj", "{7A588571-AD9B-4FE8-8AAF-5F4FDCAD11A0}"
EndProject
Project("{FAE04EC0-301F-11D3-BF4B-00C04F79EFBC}") = "Crucial.Implementations", "Crucial.Implementations\Crucial.Implementations.csproj", "{4A0183A1-D086-436B-9DF8-6BA099C2A226}"
EndProject
Project("{FAE04EC0-301F-11D3-BF4B-00C04F79EFBC}") = "Crucial.EntityFrameworkCore.Tests", "Crucial.EntityFrameworkCore.Tests\Crucial.EntityFrameworkCore.Tests.csproj", "{D9804D5C-EC42-44D6-8C78-85193F281215}"
EndProject
Project("{FAE04EC0-301F-11D3-BF4B-00C04F79EFBC}") = "Crucial.App.Tests", "Crucial.App.Tests\Crucial.App.Tests.csproj", "{59E2A81C-A993-4F2E-8DA9-D746CBA5250F}"
EndProject
Global
	GlobalSection(SolutionConfigurationPlatforms) = preSolution
		Debug|Any CPU = Debug|Any CPU
		Release|Any CPU = Release|Any CPU
	EndGlobalSection
	GlobalSection(ProjectConfigurationPlatforms) = postSolution
		{54DFAA6A-9A24-48F5-879F-54187C803C63}.Debug|Any CPU.ActiveCfg = Debug|Any CPU
		{54DFAA6A-9A24-48F5-879F-54187C803C63}.Debug|Any CPU.Build.0 = Debug|Any CPU
		{54DFAA6A-9A24-48F5-879F-54187C803C63}.Release|Any CPU.ActiveCfg = Release|Any CPU
		{54DFAA6A-9A24-48F5-879F-54187C803C63}.Release|Any CPU.Build.0 = Release|Any CPU
		{EA267238-16C8-4293-A2F6-A207DBBE137C}.Debug|Any CPU.ActiveCfg = Debug|Any CPU
		{EA267238-16C8-4293-A2F6-A207DBBE137C}.Debug|Any CPU.Build.0 = Debug|Any CPU
		{EA267238-16C8-4293-A2F6-A207DBBE137C}.Release|Any CPU.ActiveCfg = Release|Any CPU
		{EA267238-16C8-4293-A2F6-A207DBBE137C}.Release|Any CPU.Build.0 = Release|Any CPU
		{F424DE32-14AF-458C-9144-8926B53C7DC8}.Debug|Any CPU.ActiveCfg = Debug|Any CPU
		{F424DE32-14AF-458C-9144-8926B53C7DC8}.Debug|Any CPU.Build.0 = Debug|Any CPU
		{F424DE32-14AF-458C-9144-8926B53C7DC8}.Release|Any CPU.ActiveCfg = Release|Any CPU
		{F424DE32-14AF-458C-9144-8926B53C7DC8}.Release|Any CPU.Build.0 = Release|Any CPU
		{5C2F712D-5EBD-4E42-AB73-6D18EC352D70}.Debug|Any CPU.ActiveCfg = Debug|Any CPU
		{5C2F712D-5EBD-4E42-AB73-6D18EC352D70}.Debug|Any CPU.Build.0 = Debug|Any CPU
		{5C2F712D-5EBD-4E42-AB73-6D18EC352D70}.Release|Any CPU.ActiveCfg = Release|Any CPU
		{5C2F712D-5EBD-4E42-AB73-6D18EC352D70}.Release|Any CPU.Build.0 = Release|Any CPU
		{94CCFA42-FB4A-4AF8-8D63-272D04E80412}.Debug|Any CPU.ActiveCfg = Debug|Any CPU
		{94CCFA42-FB4A-4AF8-8D63-272D04E80412}.Debug|Any CPU.Build.0 = Debug|Any CPU
		{94CCFA42-FB4A-4AF8-8D63-272D04E80412}.Release|Any CPU.ActiveCfg = Release|Any CPU
		{94CCFA42-FB4A-4AF8-8D63-272D04E80412}.Release|Any CPU.Build.0 = Release|Any CPU
		{0E2391F0-B5B7-4780-817E-AF5798EF2A7F}.Debug|Any CPU.ActiveCfg = Debug|Any CPU
		{0E2391F0-B5B7-4780-817E-AF5798EF2A7F}.Debug|Any CPU.Build.0 = Debug|Any CPU
		{0E2391F0-B5B7-4780-817E-AF5798EF2A7F}.Release|Any CPU.ActiveCfg = Release|Any CPU
		{0E2391F0-B5B7-4780-817E-AF5798EF2A7F}.Release|Any CPU.Build.0 = Release|Any CPU
		{59DFB2A6-5B27-4A4B-AD08-1EFB1F32C2A7}.Debug|Any CPU.ActiveCfg = Debug|Any CPU
		{59DFB2A6-5B27-4A4B-AD08-1EFB1F32C2A7}.Debug|Any CPU.Build.0 = Debug|Any CPU
		{59DFB2A6-5B27-4A4B-AD08-1EFB1F32C2A7}.Release|Any CPU.ActiveCfg = Release|Any CPU
		{59DFB2A6-5B27-4A4B-AD08-1EFB1F32C2A7}.Release|Any CPU.Build.0 = Release|Any CPU
		{F424F85F-1C72-4E9E-BC00-B68E000C1213}.Debug|Any CPU.ActiveCfg = Debug|Any CPU
		{F424F85F-1C72-4E9E-BC00-B68E000C1213}.Debug|Any CPU.Build.0 = Debug|Any CPU
		{F424F85F-1C72-4E9E-BC00-B68E000C1213}.Release|Any CPU.ActiveCfg = Release|Any CPU
		{F424F85F-1C72-4E9E-BC00-B68E000C1213}.Release|Any CPU.Build.0 = Release|Any CPU
		{5EDF720B-133B-4612-9A63-1D3ADA73F7DC}.Debug|Any CPU.ActiveCfg = Debug|Any CPU
		{5EDF720B-133B-4612-9A63-1D3ADA73F7DC}.Debug|Any CPU.Build.0 = Debug|Any CPU
		{5EDF720B-133B-4612-9A63-1D3ADA73F7DC}.Release|Any CPU.ActiveCfg = Release|Any CPU
		{5EDF720B-133B-4612-9A63-1D3ADA73F7DC}.Release|Any CPU.Build.0 = Release|Any CPU
		{95032926-41BA-4CE8-B561-4F862397B685}.Debug|Any CPU.ActiveCfg = Debug|Any CPU
		{95032926-41BA-4CE8-B561-4F862397B685}.Debug|Any CPU.Build.0 = Debug|Any CPU
		{95032926-41BA-4CE8-B561-4F862397B685}.Release|Any CPU.ActiveCfg = Release|Any CPU
		{95032926-41BA-4CE8-B561-4F862397B685}.Release|Any CPU.Build.0 = Release|Any CPU
		{58E68034-7597-43BE-8E6B-FB3EBAE703F2}.Debug|Any CPU.ActiveCfg = Debug|Any CPU
		{58E68034-7597-43BE-8E6B-FB3EBAE703F2}.Debug|Any CPU.Build.0 = Debug|Any CPU
		{58E68034-7597-43BE-8E6B-FB3EBAE703F2}.Release|Any CPU.ActiveCfg = Release|Any CPU
		{58E68034-7597-43BE-8E6B-FB3EBAE703F2}.Release|Any CPU.Build.0 = Release|Any CPU
		{CA890472-DBBD-4F5F-BE44-744705ED334E}.Debug|Any CPU.ActiveCfg = Debug|Any CPU
		{CA890472-DBBD-4F5F-BE44-744705ED334E}.Debug|Any CPU.Build.0 = Debug|Any CPU
		{CA890472-DBBD-4F5F-BE44-744705ED334E}.Release|Any CPU.ActiveCfg = Release|Any CPU
		{CA890472-DBBD-4F5F-BE44-744705ED334E}.Release|Any CPU.Build.0 = Release|Any CPU
		{259440DB-0D32-4427-BBF1-425572735801}.Debug|Any CPU.ActiveCfg = Debug|Any CPU
		{259440DB-0D32-4427-BBF1-425572735801}.Debug|Any CPU.Build.0 = Debug|Any CPU
		{259440DB-0D32-4427-BBF1-425572735801}.Release|Any CPU.ActiveCfg = Release|Any CPU
		{259440DB-0D32-4427-BBF1-425572735801}.Release|Any CPU.Build.0 = Release|Any CPU
		{34827BFB-D66F-4C84-BA8E-F515F4BCE47E}.Debug|Any CPU.ActiveCfg = Debug|Any CPU
		{34827BFB-D66F-4C84-BA8E-F515F4BCE47E}.Debug|Any CPU.Build.0 = Debug|Any CPU
		{34827BFB-D66F-4C84-BA8E-F515F4BCE47E}.Release|Any CPU.ActiveCfg = Release|Any CPU
		{34827BFB-D66F-4C84-BA8E-F515F4BCE47E}.Release|Any CPU.Build.0 = Release|Any CPU
		{10821C88-114E-4FA9-B92F-FE559CDE8D03}.Debug|Any CPU.ActiveCfg = Debug|Any CPU
		{10821C88-114E-4FA9-B92F-FE559CDE8D03}.Debug|Any CPU.Build.0 = Debug|Any CPU
		{10821C88-114E-4FA9-B92F-FE559CDE8D03}.Release|Any CPU.ActiveCfg = Release|Any CPU
		{10821C88-114E-4FA9-B92F-FE559CDE8D03}.Release|Any CPU.Build.0 = Release|Any CPU
		{B1A9C659-6778-49B9-8126-2A1453EBF88A}.Debug|Any CPU.ActiveCfg = Debug|Any CPU
		{B1A9C659-6778-49B9-8126-2A1453EBF88A}.Debug|Any CPU.Build.0 = Debug|Any CPU
		{B1A9C659-6778-49B9-8126-2A1453EBF88A}.Release|Any CPU.ActiveCfg = Release|Any CPU
		{B1A9C659-6778-49B9-8126-2A1453EBF88A}.Release|Any CPU.Build.0 = Release|Any CPU
		{0097156C-155F-4D2C-9D92-C69DA160E710}.Debug|Any CPU.ActiveCfg = Debug|Any CPU
		{0097156C-155F-4D2C-9D92-C69DA160E710}.Debug|Any CPU.Build.0 = Debug|Any CPU
		{0097156C-155F-4D2C-9D92-C69DA160E710}.Release|Any CPU.ActiveCfg = Release|Any CPU
		{0097156C-155F-4D2C-9D92-C69DA160E710}.Release|Any CPU.Build.0 = Release|Any CPU
		{F68F9A0A-FA7A-45BF-A672-FF30AA190079}.Debug|Any CPU.ActiveCfg = Debug|Any CPU
		{F68F9A0A-FA7A-45BF-A672-FF30AA190079}.Debug|Any CPU.Build.0 = Debug|Any CPU
		{F68F9A0A-FA7A-45BF-A672-FF30AA190079}.Release|Any CPU.ActiveCfg = Release|Any CPU
		{F68F9A0A-FA7A-45BF-A672-FF30AA190079}.Release|Any CPU.Build.0 = Release|Any CPU
		{99AA577B-FFD0-4B76-8862-2FCE95043086}.Debug|Any CPU.ActiveCfg = Debug|Any CPU
		{99AA577B-FFD0-4B76-8862-2FCE95043086}.Debug|Any CPU.Build.0 = Debug|Any CPU
		{99AA577B-FFD0-4B76-8862-2FCE95043086}.Release|Any CPU.ActiveCfg = Release|Any CPU
		{99AA577B-FFD0-4B76-8862-2FCE95043086}.Release|Any CPU.Build.0 = Release|Any CPU
		{7F5D6CA1-A510-4C19-9343-75FCEC94EAB3}.Debug|Any CPU.ActiveCfg = Debug|Any CPU
		{7F5D6CA1-A510-4C19-9343-75FCEC94EAB3}.Debug|Any CPU.Build.0 = Debug|Any CPU
		{7F5D6CA1-A510-4C19-9343-75FCEC94EAB3}.Release|Any CPU.ActiveCfg = Release|Any CPU
		{7F5D6CA1-A510-4C19-9343-75FCEC94EAB3}.Release|Any CPU.Build.0 = Release|Any CPU
		{C21629ED-CC2F-47C5-8660-033E76DFE564}.Debug|Any CPU.ActiveCfg = Debug|Any CPU
		{C21629ED-CC2F-47C5-8660-033E76DFE564}.Debug|Any CPU.Build.0 = Debug|Any CPU
		{C21629ED-CC2F-47C5-8660-033E76DFE564}.Debug|Any CPU.Deploy.0 = Debug|Any CPU
		{C21629ED-CC2F-47C5-8660-033E76DFE564}.Release|Any CPU.ActiveCfg = Release|Any CPU
		{C21629ED-CC2F-47C5-8660-033E76DFE564}.Release|Any CPU.Build.0 = Release|Any CPU
		{C21629ED-CC2F-47C5-8660-033E76DFE564}.Release|Any CPU.Deploy.0 = Release|Any CPU
		{D5A916DA-4BF6-484B-BC7A-CCD287AA8493}.Debug|Any CPU.ActiveCfg = Debug|Any CPU
		{D5A916DA-4BF6-484B-BC7A-CCD287AA8493}.Debug|Any CPU.Build.0 = Debug|Any CPU
		{D5A916DA-4BF6-484B-BC7A-CCD287AA8493}.Release|Any CPU.ActiveCfg = Release|Any CPU
		{D5A916DA-4BF6-484B-BC7A-CCD287AA8493}.Release|Any CPU.Build.0 = Release|Any CPU
		{FA26C27A-4DC3-41E7-B477-C6A1808E67C2}.Debug|Any CPU.ActiveCfg = Debug|Any CPU
		{FA26C27A-4DC3-41E7-B477-C6A1808E67C2}.Debug|Any CPU.Build.0 = Debug|Any CPU
		{FA26C27A-4DC3-41E7-B477-C6A1808E67C2}.Release|Any CPU.ActiveCfg = Release|Any CPU
		{FA26C27A-4DC3-41E7-B477-C6A1808E67C2}.Release|Any CPU.Build.0 = Release|Any CPU
		{AB6F8196-4807-4568-9C17-1D976BD4AA8B}.Debug|Any CPU.ActiveCfg = Debug|Any CPU
		{AB6F8196-4807-4568-9C17-1D976BD4AA8B}.Debug|Any CPU.Build.0 = Debug|Any CPU
		{AB6F8196-4807-4568-9C17-1D976BD4AA8B}.Release|Any CPU.ActiveCfg = Release|Any CPU
		{AB6F8196-4807-4568-9C17-1D976BD4AA8B}.Release|Any CPU.Build.0 = Release|Any CPU
		{4F5E999C-2673-4BC8-8808-D7B71FAE4655}.Debug|Any CPU.ActiveCfg = Debug|Any CPU
		{4F5E999C-2673-4BC8-8808-D7B71FAE4655}.Debug|Any CPU.Build.0 = Debug|Any CPU
		{4F5E999C-2673-4BC8-8808-D7B71FAE4655}.Release|Any CPU.ActiveCfg = Release|Any CPU
		{4F5E999C-2673-4BC8-8808-D7B71FAE4655}.Release|Any CPU.Build.0 = Release|Any CPU
		{7A588571-AD9B-4FE8-8AAF-5F4FDCAD11A0}.Debug|Any CPU.ActiveCfg = Debug|Any CPU
		{7A588571-AD9B-4FE8-8AAF-5F4FDCAD11A0}.Debug|Any CPU.Build.0 = Debug|Any CPU
		{7A588571-AD9B-4FE8-8AAF-5F4FDCAD11A0}.Release|Any CPU.ActiveCfg = Release|Any CPU
		{7A588571-AD9B-4FE8-8AAF-5F4FDCAD11A0}.Release|Any CPU.Build.0 = Release|Any CPU
		{4A0183A1-D086-436B-9DF8-6BA099C2A226}.Debug|Any CPU.ActiveCfg = Debug|Any CPU
		{4A0183A1-D086-436B-9DF8-6BA099C2A226}.Debug|Any CPU.Build.0 = Debug|Any CPU
		{4A0183A1-D086-436B-9DF8-6BA099C2A226}.Release|Any CPU.ActiveCfg = Release|Any CPU
		{4A0183A1-D086-436B-9DF8-6BA099C2A226}.Release|Any CPU.Build.0 = Release|Any CPU
		{D9804D5C-EC42-44D6-8C78-85193F281215}.Debug|Any CPU.ActiveCfg = Debug|Any CPU
		{D9804D5C-EC42-44D6-8C78-85193F281215}.Debug|Any CPU.Build.0 = Debug|Any CPU
		{D9804D5C-EC42-44D6-8C78-85193F281215}.Release|Any CPU.ActiveCfg = Release|Any CPU
		{D9804D5C-EC42-44D6-8C78-85193F281215}.Release|Any CPU.Build.0 = Release|Any CPU
		{59E2A81C-A993-4F2E-8DA9-D746CBA5250F}.Debug|Any CPU.ActiveCfg = Debug|Any CPU
		{59E2A81C-A993-4F2E-8DA9-D746CBA5250F}.Debug|Any CPU.Build.0 = Debug|Any CPU
		{59E2A81C-A993-4F2E-8DA9-D746CBA5250F}.Release|Any CPU.ActiveCfg = Release|Any CPU
		{59E2A81C-A993-4F2E-8DA9-D746CBA5250F}.Release|Any CPU.Build.0 = Release|Any CPU
	EndGlobalSection
	GlobalSection(SolutionProperties) = preSolution
		HideSolutionNode = FALSE
	EndGlobalSection
	GlobalSection(NestedProjects) = preSolution
		{54DFAA6A-9A24-48F5-879F-54187C803C63} = {D17F9B2E-AA5C-45CF-9E25-710806446BFF}
		{EA267238-16C8-4293-A2F6-A207DBBE137C} = {D17F9B2E-AA5C-45CF-9E25-710806446BFF}
		{F424DE32-14AF-458C-9144-8926B53C7DC8} = {612F77C7-5B9E-4982-AEEF-32FAEC9F0362}
		{5C2F712D-5EBD-4E42-AB73-6D18EC352D70} = {612F77C7-5B9E-4982-AEEF-32FAEC9F0362}
		{94CCFA42-FB4A-4AF8-8D63-272D04E80412} = {612F77C7-5B9E-4982-AEEF-32FAEC9F0362}
		{0E2391F0-B5B7-4780-817E-AF5798EF2A7F} = {8037E497-A898-48DB-AF3B-967E4CBC8323}
		{59DFB2A6-5B27-4A4B-AD08-1EFB1F32C2A7} = {8037E497-A898-48DB-AF3B-967E4CBC8323}
		{F424F85F-1C72-4E9E-BC00-B68E000C1213} = {8037E497-A898-48DB-AF3B-967E4CBC8323}
		{5EDF720B-133B-4612-9A63-1D3ADA73F7DC} = {073D9E0F-F525-4146-9CF1-AF80078B5DF3}
		{95032926-41BA-4CE8-B561-4F862397B685} = {D619BE2B-8096-463B-ADA1-D71DC0BF43AD}
		{B4F82D8D-83C8-4AA4-ACD4-2254B05AABB6} = {B3DA0081-DF59-4A2F-A186-8C6B9FEDD491}
		{58E68034-7597-43BE-8E6B-FB3EBAE703F2} = {B4F82D8D-83C8-4AA4-ACD4-2254B05AABB6}
		{CA890472-DBBD-4F5F-BE44-744705ED334E} = {B4F82D8D-83C8-4AA4-ACD4-2254B05AABB6}
		{259440DB-0D32-4427-BBF1-425572735801} = {8037E497-A898-48DB-AF3B-967E4CBC8323}
		{34827BFB-D66F-4C84-BA8E-F515F4BCE47E} = {D619BE2B-8096-463B-ADA1-D71DC0BF43AD}
		{10821C88-114E-4FA9-B92F-FE559CDE8D03} = {D619BE2B-8096-463B-ADA1-D71DC0BF43AD}
		{B1A9C659-6778-49B9-8126-2A1453EBF88A} = {D619BE2B-8096-463B-ADA1-D71DC0BF43AD}
		{0097156C-155F-4D2C-9D92-C69DA160E710} = {D619BE2B-8096-463B-ADA1-D71DC0BF43AD}
		{F68F9A0A-FA7A-45BF-A672-FF30AA190079} = {8037E497-A898-48DB-AF3B-967E4CBC8323}
		{99AA577B-FFD0-4B76-8862-2FCE95043086} = {8037E497-A898-48DB-AF3B-967E4CBC8323}
		{7ED86B61-E4CE-43A2-B279-3E6932A15E83} = {7999DA00-BAC0-4218-BCF8-834848E3F04C}
		{7F5D6CA1-A510-4C19-9343-75FCEC94EAB3} = {7ED86B61-E4CE-43A2-B279-3E6932A15E83}
		{C21629ED-CC2F-47C5-8660-033E76DFE564} = {7ED86B61-E4CE-43A2-B279-3E6932A15E83}
		{FA26C27A-4DC3-41E7-B477-C6A1808E67C2} = {7ED86B61-E4CE-43A2-B279-3E6932A15E83}
		{D5A916DA-4BF6-484B-BC7A-CCD287AA8493} = {7ED86B61-E4CE-43A2-B279-3E6932A15E83}
		{AB6F8196-4807-4568-9C17-1D976BD4AA8B} = {7ED86B61-E4CE-43A2-B279-3E6932A15E83}
		{4F5E999C-2673-4BC8-8808-D7B71FAE4655} = {8037E497-A898-48DB-AF3B-967E4CBC8323}
		{7A588571-AD9B-4FE8-8AAF-5F4FDCAD11A0} = {7ED86B61-E4CE-43A2-B279-3E6932A15E83}
		{4A0183A1-D086-436B-9DF8-6BA099C2A226} = {7ED86B61-E4CE-43A2-B279-3E6932A15E83}
		{D9804D5C-EC42-44D6-8C78-85193F281215} = {8037E497-A898-48DB-AF3B-967E4CBC8323}
		{59E2A81C-A993-4F2E-8DA9-D746CBA5250F} = {8037E497-A898-48DB-AF3B-967E4CBC8323}
	EndGlobalSection
EndGlobal
